
Microsoft Visual Studio Solution File, Format Version 12.00
# Visual Studio Version 16
VisualStudioVersion = 16.0.28922.388
MinimumVisualStudioVersion = 10.0.40219.1
Project("{F184B08F-C81C-45F6-A57F-5ABD9991F28F}") = "Yasas_Blackjack", "Yasas_Blackjack.vbproj", "{9028C416-97BA-41FB-B1DB-3CBEB324AB95}"
EndProject
Project("{54435603-DBB4-11D2-8724-00A0C9A8B90C}") = "Installer", "..\Installer\Installer.vdproj", "{9EB8D890-F16D-4134-A8E1-A5DA4467A8F5}"
EndProject
Global
	GlobalSection(SolutionConfigurationPlatforms) = preSolution
		All|Any CPU = All|Any CPU
		Debug|Any CPU = Debug|Any CPU
		Release|Any CPU = Release|Any CPU
	EndGlobalSection
	GlobalSection(ProjectConfigurationPlatforms) = postSolution
		{9028C416-97BA-41FB-B1DB-3CBEB324AB95}.All|Any CPU.ActiveCfg = Release|Any CPU
		{9028C416-97BA-41FB-B1DB-3CBEB324AB95}.All|Any CPU.Build.0 = Release|Any CPU
		{9028C416-97BA-41FB-B1DB-3CBEB324AB95}.Debug|Any CPU.ActiveCfg = Debug|Any CPU
		{9028C416-97BA-41FB-B1DB-3CBEB324AB95}.Debug|Any CPU.Build.0 = Debug|Any CPU
		{9028C416-97BA-41FB-B1DB-3CBEB324AB95}.Release|Any CPU.ActiveCfg = Release|Any CPU
		{9028C416-97BA-41FB-B1DB-3CBEB324AB95}.Release|Any CPU.Build.0 = Release|Any CPU
		{9EB8D890-F16D-4134-A8E1-A5DA4467A8F5}.All|Any CPU.ActiveCfg = Release
		{9EB8D890-F16D-4134-A8E1-A5DA4467A8F5}.Debug|Any CPU.ActiveCfg = Debug
		{9EB8D890-F16D-4134-A8E1-A5DA4467A8F5}.Debug|Any CPU.Build.0 = Debug
		{9EB8D890-F16D-4134-A8E1-A5DA4467A8F5}.Release|Any CPU.ActiveCfg = Release
	EndGlobalSection
	GlobalSection(SolutionProperties) = preSolution
		HideSolutionNode = FALSE
	EndGlobalSection
	GlobalSection(ExtensibilityGlobals) = postSolution
		SolutionGuid = {D40F83C0-8D21-4A10-A3D1-04BCECCFFB8F}
	EndGlobalSection
EndGlobal
